
Microsoft Visual Studio Solution File, Format Version 12.00
# Visual Studio Version 16
VisualStudioVersion = 16.0.33328.57
MinimumVisualStudioVersion = 10.0.40219.1
Project("{FAE04EC0-301F-11D3-BF4B-00C04F79EFBC}") = "ConsumeWebservice2", "ConsumeWebservice2\ConsumeWebservice2.csproj", "{C022FE9D-8CB9-46E4-892C-B565AE6B775E}"
EndProject
Global
	GlobalSection(SolutionConfigurationPlatforms) = preSolution
		Debug|Any CPU = Debug|Any CPU
		Release|Any CPU = Release|Any CPU
	EndGlobalSection
	GlobalSection(ProjectConfigurationPlatforms) = postSolution
		{C022FE9D-8CB9-46E4-892C-B565AE6B775E}.Debug|Any CPU.ActiveCfg = Debug|Any CPU
		{C022FE9D-8CB9-46E4-892C-B565AE6B775E}.Debug|Any CPU.Build.0 = Debug|Any CPU
		{C022FE9D-8CB9-46E4-892C-B565AE6B775E}.Release|Any CPU.ActiveCfg = Release|Any CPU
		{C022FE9D-8CB9-46E4-892C-B565AE6B775E}.Release|Any CPU.Build.0 = Release|Any CPU
	EndGlobalSection
	GlobalSection(SolutionProperties) = preSolution
		HideSolutionNode = FALSE
	EndGlobalSection
	GlobalSection(ExtensibilityGlobals) = postSolution
		SolutionGuid = {310345E2-FAC6-4C40-B457-B65CEA715EFB}
	EndGlobalSection
EndGlobal
